<?xml version="1.0" encoding="utf-8"?>
<Project ToolsVersion="4.0" xmlns="http://schemas.microsoft.com/developer/msbuild/2003">
  <ItemGroup>
    <ClCompile Include="StdAfx.cpp">
      <Filter>Source Files</Filter>
    </ClCompile>
    <ClCompile Include="DllMain.cpp">
      <Filter>Source Files</Filter>
    </ClCompile>
    <ClCompile Include="Main.cpp">
      <Filter>Source Files</Filter>
    </ClCompile>
    <ClCompile Include="GLib.cpp">
      <Filter>Source Files</Filter>
    </ClCompile>
    <ClCompile Include="Allocation.cpp">
      <Filter>Source Files</Filter>
    </ClCompile>
    <ClCompile Include="Config.cpp">
      <Filter>Source Files</Filter>
    </ClCompile>
    <ClCompile Include="Hooks.cpp">
      <Filter>Source Files</Filter>
    </ClCompile>
    <ClCompile Include="Window.cpp">
      <Filter>Source Files</Filter>
    </ClCompile>
    <ClCompile Include="DirectDraw.cpp">
      <Filter>Source Files\Draw\Direct</Filter>
    </ClCompile>
    <ClCompile Include="DirectDrawPalette.cpp">
      <Filter>Source Files\Draw\Direct</Filter>
    </ClCompile>
    <ClCompile Include="DirectDrawSurface.cpp">
      <Filter>Source Files\Draw\Direct</Filter>
    </ClCompile>
    <ClCompile Include="IDraw.cpp">
      <Filter>Source Files\Draw\Base</Filter>
    </ClCompile>
    <ClCompile Include="IDrawPalette.cpp">
      <Filter>Source Files\Draw\Base</Filter>
    </ClCompile>
    <ClCompile Include="IDrawSurface.cpp">
      <Filter>Source Files\Draw\Base</Filter>
    </ClCompile>
    <ClCompile Include="IDrawUnknown.cpp">
      <Filter>Source Files\Draw\Base</Filter>
    </ClCompile>
    <ClCompile Include="PixelBuffer.cpp">
      <Filter>Source Files</Filter>
    </ClCompile>
    <ClCompile Include="MappedFile.cpp">
      <Filter>Source Files</Filter>
    </ClCompile>
  </ItemGroup>
  <ItemGroup>
    <ClInclude Include="resource.h">
      <Filter>Header Files</Filter>
    </ClInclude>
    <ClInclude Include="StdAfx.h">
      <Filter>Header Files</Filter>
    </ClInclude>
    <ClInclude Include="ExtraTypes.h">
      <Filter>Header Files</Filter>
    </ClInclude>
    <ClInclude Include="GLib.h">
      <Filter>Header Files</Filter>
    </ClInclude>
    <ClInclude Include="Hooks.h">
      <Filter>Header Files</Filter>
    </ClInclude>
    <ClInclude Include="Main.h">
      <Filter>Header Files</Filter>
    </ClInclude>
    <ClInclude Include="Allocation.h">
      <Filter>Header Files</Filter>
    </ClInclude>
    <ClInclude Include="Config.h">
      <Filter>Header Files</Filter>
    </ClInclude>
    <ClInclude Include="Window.h">
      <Filter>Header Files</Filter>
    </ClInclude>
    <ClInclude Include="DirectDraw.h">
      <Filter>Header Files\Draw\Direct</Filter>
    </ClInclude>
    <ClInclude Include="DirectDrawPalette.h">
      <Filter>Header Files\Draw\Direct</Filter>
    </ClInclude>
    <ClInclude Include="DirectDrawSurface.h">
      <Filter>Header Files\Draw\Direct</Filter>
    </ClInclude>
    <ClInclude Include="IDraw.h">
      <Filter>Header Files\Draw\Base</Filter>
    </ClInclude>
    <ClInclude Include="IDrawPalette.h">
      <Filter>Header Files\Draw\Base</Filter>
    </ClInclude>
    <ClInclude Include="IDrawSurface.h">
      <Filter>Header Files\Draw\Base</Filter>
    </ClInclude>
    <ClInclude Include="IDrawUnknown.h">
      <Filter>Header Files\Draw\Base</Filter>
    </ClInclude>
    <ClInclude Include="PixelBuffer.h">
      <Filter>Header Files</Filter>
    </ClInclude>
    <ClInclude Include="MappedFile.h">
      <Filter>Header Files</Filter>
    </ClInclude>
  </ItemGroup>
  <ItemGroup>
    <Filter Include="Header Files">
      <UniqueIdentifier>{52949067-004a-4f89-954e-76cac391770d}</UniqueIdentifier>
    </Filter>
    <Filter Include="Source Files">
      <UniqueIdentifier>{9894f9f1-3b2e-44c1-b85b-f89a3c64f6a8}</UniqueIdentifier>
    </Filter>
    <Filter Include="Resource Files">
      <UniqueIdentifier>{b48440de-744c-470c-835a-b1527d1c4325}</UniqueIdentifier>
    </Filter>
    <Filter Include="Header Files\Draw">
      <UniqueIdentifier>{2588983f-4a03-4f00-a002-955945c3d1f5}</UniqueIdentifier>
    </Filter>
    <Filter Include="Source Files\Draw">
      <UniqueIdentifier>{e86db277-825f-43c9-be78-dd4f8f48976e}</UniqueIdentifier>
    </Filter>
    <Filter Include="Resource Files\Shaders Files">
      <UniqueIdentifier>{54f0c6ed-e052-4119-9e1f-c36f66e4badc}</UniqueIdentifier>
    </Filter>
    <Filter Include="Header Files\Draw\Base">
      <UniqueIdentifier>{dd0e499b-8efe-4447-a63b-0afb2e8d6ee0}</UniqueIdentifier>
    </Filter>
    <Filter Include="Source Files\Draw\Base">
      <UniqueIdentifier>{21cbbc3d-4e83-4eb6-80dc-8694f61746e9}</UniqueIdentifier>
    </Filter>
    <Filter Include="Header Files\Draw\Direct">
      <UniqueIdentifier>{9ef508bb-7231-479f-b9b8-37fab40d633e}</UniqueIdentifier>
    </Filter>
    <Filter Include="Source Files\Draw\Direct">
      <UniqueIdentifier>{bc878067-7c71-4a26-a5e0-4263b0b460de}</UniqueIdentifier>
    </Filter>
  </ItemGroup>
  <ItemGroup>
    <None Include="module.def">
      <Filter>Resource Files</Filter>
    </None>
    <None Include="Shaders\linear.fgl">
      <Filter>Resource Files\Shaders Files</Filter>
    </None>
    <None Include="Shaders\linear.vgl">
      <Filter>Resource Files\Shaders Files</Filter>
    </None>
    <None Include="Shaders\nearest.fgl">
      <Filter>Resource Files\Shaders Files</Filter>
    </None>
    <None Include="Shaders\nearest.vgl">
      <Filter>Resource Files\Shaders Files</Filter>
    </None>
    <None Include="Shaders\simple.fgl">
      <Filter>Resource Files\Shaders Files</Filter>
    </None>
    <None Include="Shaders\simple.vgl">
      <Filter>Resource Files\Shaders Files</Filter>
    </None>
  </ItemGroup>
  <ItemGroup>
    <ResourceCompile Include="module.rc">
      <Filter>Resource Files</Filter>
    </ResourceCompile>
  </ItemGroup>
  <ItemGroup>
    <Manifest Include="module.manifest">
      <Filter>Resource Files</Filter>
    </Manifest>
  </ItemGroup>
</Project>