<?xml version="1.0" encoding="utf-8"?>
<Project ToolsVersion="15.0" xmlns="http://schemas.microsoft.com/developer/msbuild/2003">
  <ItemGroup>
    <ClCompile Include="StdAfx.cpp">
      <Filter>Source Files</Filter>
    </ClCompile>
    <ClCompile Include="DllMain.cpp">
      <Filter>Source Files</Filter>
    </ClCompile>
    <ClCompile Include="Main.cpp">
      <Filter>Source Files</Filter>
    </ClCompile>
    <ClCompile Include="GLib.cpp">
      <Filter>Source Files</Filter>
    </ClCompile>
    <ClCompile Include="FpsCounter.cpp">
      <Filter>Source Files</Filter>
    </ClCompile>
    <ClCompile Include="Allocation.cpp">
      <Filter>Source Files</Filter>
    </ClCompile>
    <ClCompile Include="DirectDraw.cpp">
      <Filter>Source Files\Draw</Filter>
    </ClCompile>
    <ClCompile Include="DirectDrawPalette.cpp">
      <Filter>Source Files\Draw</Filter>
    </ClCompile>
    <ClCompile Include="DirectDrawSurface.cpp">
      <Filter>Source Files\Draw</Filter>
    </ClCompile>
    <ClCompile Include="Config.cpp">
      <Filter>Source Files</Filter>
    </ClCompile>
    <ClCompile Include="Hooks.cpp">
      <Filter>Source Files</Filter>
    </ClCompile>
    <ClCompile Include="DirectDrawInterface.cpp">
      <Filter>Source Files\Draw</Filter>
    </ClCompile>
  </ItemGroup>
  <ItemGroup>
    <ClInclude Include="Resource.h">
      <Filter>Header Files</Filter>
    </ClInclude>
    <ClInclude Include="StdAfx.h">
      <Filter>Header Files</Filter>
    </ClInclude>
    <ClInclude Include="ExtraTypes.h">
      <Filter>Header Files</Filter>
    </ClInclude>
    <ClInclude Include="GLib.h">
      <Filter>Header Files</Filter>
    </ClInclude>
    <ClInclude Include="FpsCounter.h">
      <Filter>Header Files</Filter>
    </ClInclude>
    <ClInclude Include="Hooks.h">
      <Filter>Header Files</Filter>
    </ClInclude>
    <ClInclude Include="Main.h">
      <Filter>Header Files</Filter>
    </ClInclude>
    <ClInclude Include="Allocation.h">
      <Filter>Header Files</Filter>
    </ClInclude>
    <ClInclude Include="DirectDraw.h">
      <Filter>Header Files\Draw</Filter>
    </ClInclude>
    <ClInclude Include="DirectDrawPalette.h">
      <Filter>Header Files\Draw</Filter>
    </ClInclude>
    <ClInclude Include="DirectDrawSurface.h">
      <Filter>Header Files\Draw</Filter>
    </ClInclude>
    <ClInclude Include="Config.h">
      <Filter>Header Files</Filter>
    </ClInclude>
    <ClInclude Include="DirectDrawInterface.h">
      <Filter>Header Files\Draw</Filter>
    </ClInclude>
  </ItemGroup>
  <ItemGroup>
    <Filter Include="Header Files">
      <UniqueIdentifier>{52949067-004a-4f89-954e-76cac391770d}</UniqueIdentifier>
    </Filter>
    <Filter Include="Source Files">
      <UniqueIdentifier>{9894f9f1-3b2e-44c1-b85b-f89a3c64f6a8}</UniqueIdentifier>
    </Filter>
    <Filter Include="Resource Files">
      <UniqueIdentifier>{b48440de-744c-470c-835a-b1527d1c4325}</UniqueIdentifier>
    </Filter>
    <Filter Include="Header Files\Draw">
      <UniqueIdentifier>{2588983f-4a03-4f00-a002-955945c3d1f5}</UniqueIdentifier>
    </Filter>
    <Filter Include="Source Files\Draw">
      <UniqueIdentifier>{e86db277-825f-43c9-be78-dd4f8f48976e}</UniqueIdentifier>
    </Filter>
    <Filter Include="Resource Files\Shaders Files">
      <UniqueIdentifier>{54f0c6ed-e052-4119-9e1f-c36f66e4badc}</UniqueIdentifier>
    </Filter>
    <Filter Include="Resource Files\Shaders Files\110">
      <UniqueIdentifier>{76813cce-c09e-44da-87a6-fb36e1431fb9}</UniqueIdentifier>
    </Filter>
    <Filter Include="Resource Files\Shaders Files\130">
      <UniqueIdentifier>{eca125f4-06ee-4011-8be5-3ecc0b0b133b}</UniqueIdentifier>
    </Filter>
  </ItemGroup>
  <ItemGroup>
    <None Include="module.def">
      <Filter>Resource Files</Filter>
    </None>
    <None Include="Shaders\110\linear.fgl">
      <Filter>Resource Files\Shaders Files\110</Filter>
    </None>
    <None Include="Shaders\110\nearest.fgl">
      <Filter>Resource Files\Shaders Files\110</Filter>
    </None>
    <None Include="Shaders\110\simple.fgl">
      <Filter>Resource Files\Shaders Files\110</Filter>
    </None>
    <None Include="Shaders\130\linear.fgl">
      <Filter>Resource Files\Shaders Files\130</Filter>
    </None>
    <None Include="Shaders\130\nearest.fgl">
      <Filter>Resource Files\Shaders Files\130</Filter>
    </None>
    <None Include="Shaders\130\simple.fgl">
      <Filter>Resource Files\Shaders Files\130</Filter>
    </None>
    <None Include="Shaders\110\linear.vgl">
      <Filter>Resource Files\Shaders Files\110</Filter>
    </None>
    <None Include="Shaders\110\nearest.vgl">
      <Filter>Resource Files\Shaders Files\110</Filter>
    </None>
    <None Include="Shaders\110\simple.vgl">
      <Filter>Resource Files\Shaders Files\110</Filter>
    </None>
    <None Include="Shaders\130\linear.vgl">
      <Filter>Resource Files\Shaders Files\130</Filter>
    </None>
    <None Include="Shaders\130\nearest.vgl">
      <Filter>Resource Files\Shaders Files\130</Filter>
    </None>
    <None Include="Shaders\130\simple.vgl">
      <Filter>Resource Files\Shaders Files\130</Filter>
    </None>
  </ItemGroup>
  <ItemGroup>
    <ResourceCompile Include="module.rc">
      <Filter>Resource Files</Filter>
    </ResourceCompile>
  </ItemGroup>
  <ItemGroup>
    <Manifest Include="module.manifest">
      <Filter>Resource Files</Filter>
    </Manifest>
  </ItemGroup>
</Project>