<?xml version="1.0" encoding="utf-8"?>
<Project ToolsVersion="4.0" xmlns="http://schemas.microsoft.com/developer/msbuild/2003">
  <ItemGroup>
    <ClInclude Include="Main.h">
      <Filter>Header Files</Filter>
    </ClInclude>
    <ClInclude Include="resource.h">
      <Filter>Header Files</Filter>
    </ClInclude>
  </ItemGroup>
  <ItemGroup>
    <Filter Include="Header Files">
      <UniqueIdentifier>{8dc1ae69-94bb-4024-ba83-1302654ab82d}</UniqueIdentifier>
    </Filter>
    <Filter Include="Resource Files">
      <UniqueIdentifier>{c987bec0-b403-4db1-acbc-e76a380e9ce4}</UniqueIdentifier>
    </Filter>
    <Filter Include="Source Files">
      <UniqueIdentifier>{3b8c9b41-6d78-468f-84db-2cbd7f861e93}</UniqueIdentifier>
    </Filter>
  </ItemGroup>
  <ItemGroup>
    <ClCompile Include="DllMain.cpp">
      <Filter>Source Files</Filter>
    </ClCompile>
    <ClCompile Include="Patch_EW_GSC.cpp">
      <Filter>Source Files</Filter>
    </ClCompile>
    <ClCompile Include="Patch_EW_GOG.cpp">
      <Filter>Source Files</Filter>
    </ClCompile>
    <ClCompile Include="Patch_AW_GSC.cpp">
      <Filter>Source Files</Filter>
    </ClCompile>
    <ClCompile Include="Patch_BW_GSC.cpp">
      <Filter>Source Files</Filter>
    </ClCompile>
    <ClCompile Include="Patch_BW_GOG.cpp">
      <Filter>Source Files</Filter>
    </ClCompile>
    <ClCompile Include="Patch_AC_GSC.cpp">
      <Filter>Source Files</Filter>
    </ClCompile>
    <ClCompile Include="Patch_AC_GOG.cpp">
      <Filter>Source Files</Filter>
    </ClCompile>
    <ClCompile Include="Patch_FB_GSC.cpp">
      <Filter>Source Files</Filter>
    </ClCompile>
    <ClCompile Include="Patch_FB_GOG.cpp">
      <Filter>Source Files</Filter>
    </ClCompile>
  </ItemGroup>
  <ItemGroup>
    <None Include="module.def">
      <Filter>Resource Files</Filter>
    </None>
  </ItemGroup>
  <ItemGroup>
    <ResourceCompile Include="module.rc">
      <Filter>Resource Files</Filter>
    </ResourceCompile>
  </ItemGroup>
</Project>